// !$*UTF8*$!
{
	archiveVersion = 1;
	classes = {
	};
	objectVersion = 50;
	objects = {

/* Begin PBXBuildFile section */
		6177CCCB208E702000ACDC01 /* AppDelegate.swift in Sources */ = {isa = PBXBuildFile; fileRef = 6177CCCA208E702000ACDC01 /* AppDelegate.swift */; };
		6177CCCD208E702000ACDC01 /* ViewController.swift in Sources */ = {isa = PBXBuildFile; fileRef = 6177CCCC208E702000ACDC01 /* ViewController.swift */; };
		6177CCD0208E702000ACDC01 /* Main.storyboard in Resources */ = {isa = PBXBuildFile; fileRef = 6177CCCE208E702000ACDC01 /* Main.storyboard */; };
		6177CCD2208E702200ACDC01 /* Assets.xcassets in Resources */ = {isa = PBXBuildFile; fileRef = 6177CCD1208E702200ACDC01 /* Assets.xcassets */; };
		6177CCD5208E702200ACDC01 /* LaunchScreen.storyboard in Resources */ = {isa = PBXBuildFile; fileRef = 6177CCD3208E702200ACDC01 /* LaunchScreen.storyboard */; };
		6177CCE0208E702200ACDC01 /* AttendenceAppTests.swift in Sources */ = {isa = PBXBuildFile; fileRef = 6177CCDF208E702200ACDC01 /* AttendenceAppTests.swift */; };
		6177CCEB208E702200ACDC01 /* AttendenceAppUITests.swift in Sources */ = {isa = PBXBuildFile; fileRef = 6177CCEA208E702200ACDC01 /* AttendenceAppUITests.swift */; };
/* End PBXBuildFile section */

/* Begin PBXContainerItemProxy section */
		6177CCDC208E702200ACDC01 /* PBXContainerItemProxy */ = {
			isa = PBXContainerItemProxy;
			containerPortal = 6177CCBF208E701F00ACDC01 /* Project object */;
			proxyType = 1;
			remoteGlobalIDString = 6177CCC6208E701F00ACDC01;
			remoteInfo = AttendenceApp;
		};
		6177CCE7208E702200ACDC01 /* PBXContainerItemProxy */ = {
			isa = PBXContainerItemProxy;
			containerPortal = 6177CCBF208E701F00ACDC01 /* Project object */;
			proxyType = 1;
			remoteGlobalIDString = 6177CCC6208E701F00ACDC01;
			remoteInfo = AttendenceApp;
		};
/* End PBXContainerItemProxy section */

/* Begin PBXFileReference section */
		6177CCC7208E702000ACDC01 /* AttendenceApp.app */ = {isa = PBXFileReference; explicitFileType = wrapper.application; includeInIndex = 0; path = AttendenceApp.app; sourceTree = BUILT_PRODUCTS_DIR; };
		6177CCCA208E702000ACDC01 /* AppDelegate.swift */ = {isa = PBXFileReference; lastKnownFileType = sourcecode.swift; path = AppDelegate.swift; sourceTree = "<group>"; };
		6177CCCC208E702000ACDC01 /* ViewController.swift */ = {isa = PBXFileReference; lastKnownFileType = sourcecode.swift; path = ViewController.swift; sourceTree = "<group>"; };
		6177CCCF208E702000ACDC01 /* Base */ = {isa = PBXFileReference; lastKnownFileType = file.storyboard; name = Base; path = Base.lproj/Main.storyboard; sourceTree = "<group>"; };
		6177CCD1208E702200ACDC01 /* Assets.xcassets */ = {isa = PBXFileReference; lastKnownFileType = folder.assetcatalog; path = Assets.xcassets; sourceTree = "<group>"; };
		6177CCD4208E702200ACDC01 /* Base */ = {isa = PBXFileReference; lastKnownFileType = file.storyboard; name = Base; path = Base.lproj/LaunchScreen.storyboard; sourceTree = "<group>"; };
		6177CCD6208E702200ACDC01 /* Info.plist */ = {isa = PBXFileReference; lastKnownFileType = text.plist.xml; path = Info.plist; sourceTree = "<group>"; };
		6177CCDB208E702200ACDC01 /* AttendenceAppTests.xctest */ = {isa = PBXFileReference; explicitFileType = wrapper.cfbundle; includeInIndex = 0; path = AttendenceAppTests.xctest; sourceTree = BUILT_PRODUCTS_DIR; };
		6177CCDF208E702200ACDC01 /* AttendenceAppTests.swift */ = {isa = PBXFileReference; lastKnownFileType = sourcecode.swift; path = AttendenceAppTests.swift; sourceTree = "<group>"; };
		6177CCE1208E702200ACDC01 /* Info.plist */ = {isa = PBXFileReference; lastKnownFileType = text.plist.xml; path = Info.plist; sourceTree = "<group>"; };
		6177CCE6208E702200ACDC01 /* AttendenceAppUITests.xctest */ = {isa = PBXFileReference; explicitFileType = wrapper.cfbundle; includeInIndex = 0; path = AttendenceAppUITests.xctest; sourceTree = BUILT_PRODUCTS_DIR; };
		6177CCEA208E702200ACDC01 /* AttendenceAppUITests.swift */ = {isa = PBXFileReference; lastKnownFileType = sourcecode.swift; path = AttendenceAppUITests.swift; sourceTree = "<group>"; };
		6177CCEC208E702200ACDC01 /* Info.plist */ = {isa = PBXFileReference; lastKnownFileType = text.plist.xml; path = Info.plist; sourceTree = "<group>"; };
/* End PBXFileReference section */

/* Begin PBXFrameworksBuildPhase section */
		6177CCC4208E701F00ACDC01 /* Frameworks */ = {
			isa = PBXFrameworksBuildPhase;
			buildActionMask = 2147483647;
			files = (
			);
			runOnlyForDeploymentPostprocessing = 0;
		};
		6177CCD8208E702200ACDC01 /* Frameworks */ = {
			isa = PBXFrameworksBuildPhase;
			buildActionMask = 2147483647;
			files = (
			);
			runOnlyForDeploymentPostprocessing = 0;
		};
		6177CCE3208E702200ACDC01 /* Frameworks */ = {
			isa = PBXFrameworksBuildPhase;
			buildActionMask = 2147483647;
			files = (
			);
			runOnlyForDeploymentPostprocessing = 0;
		};
/* End PBXFrameworksBuildPhase section */

/* Begin PBXGroup section */
		6177CCBE208E701F00ACDC01 = {
			isa = PBXGroup;
			children = (
				6177CCC9208E702000ACDC01 /* AttendenceApp */,
				6177CCDE208E702200ACDC01 /* AttendenceAppTests */,
				6177CCE9208E702200ACDC01 /* AttendenceAppUITests */,
				6177CCC8208E702000ACDC01 /* Products */,
			);
			sourceTree = "<group>";
		};
		6177CCC8208E702000ACDC01 /* Products */ = {
			isa = PBXGroup;
			children = (
				6177CCC7208E702000ACDC01 /* AttendenceApp.app */,
				6177CCDB208E702200ACDC01 /* AttendenceAppTests.xctest */,
				6177CCE6208E702200ACDC01 /* AttendenceAppUITests.xctest */,
			);
			name = Products;
			sourceTree = "<group>";
		};
		6177CCC9208E702000ACDC01 /* AttendenceApp */ = {
			isa = PBXGroup;
			children = (
				6177CCCA208E702000ACDC01 /* AppDelegate.swift */,
				6177CCCC208E702000ACDC01 /* ViewController.swift */,
				6177CCCE208E702000ACDC01 /* Main.storyboard */,
				6177CCD1208E702200ACDC01 /* Assets.xcassets */,
				6177CCD3208E702200ACDC01 /* LaunchScreen.storyboard */,
				6177CCD6208E702200ACDC01 /* Info.plist */,
			);
			path = AttendenceApp;
			sourceTree = "<group>";
		};
		6177CCDE208E702200ACDC01 /* AttendenceAppTests */ = {
			isa = PBXGroup;
			children = (
				6177CCDF208E702200ACDC01 /* AttendenceAppTests.swift */,
				6177CCE1208E702200ACDC01 /* Info.plist */,
			);
			path = AttendenceAppTests;
			sourceTree = "<group>";
		};
		6177CCE9208E702200ACDC01 /* AttendenceAppUITests */ = {
			isa = PBXGroup;
			children = (
				6177CCEA208E702200ACDC01 /* AttendenceAppUITests.swift */,
				6177CCEC208E702200ACDC01 /* Info.plist */,
			);
			path = AttendenceAppUITests;
			sourceTree = "<group>";
		};
/* End PBXGroup section */

/* Begin PBXNativeTarget section */
		6177CCC6208E701F00ACDC01 /* AttendenceApp */ = {
			isa = PBXNativeTarget;
			buildConfigurationList = 6177CCEF208E702200ACDC01 /* Build configuration list for PBXNativeTarget "AttendenceApp" */;
			buildPhases = (
				6177CCC3208E701F00ACDC01 /* Sources */,
				6177CCC4208E701F00ACDC01 /* Frameworks */,
				6177CCC5208E701F00ACDC01 /* Resources */,
			);
			buildRules = (
			);
			dependencies = (
			);
			name = AttendenceApp;
			productName = AttendenceApp;
			productReference = 6177CCC7208E702000ACDC01 /* AttendenceApp.app */;
			productType = "com.apple.product-type.application";
		};
		6177CCDA208E702200ACDC01 /* AttendenceAppTests */ = {
			isa = PBXNativeTarget;
			buildConfigurationList = 6177CCF2208E702200ACDC01 /* Build configuration list for PBXNativeTarget "AttendenceAppTests" */;
			buildPhases = (
				6177CCD7208E702200ACDC01 /* Sources */,
				6177CCD8208E702200ACDC01 /* Frameworks */,
				6177CCD9208E702200ACDC01 /* Resources */,
			);
			buildRules = (
			);
			dependencies = (
				6177CCDD208E702200ACDC01 /* PBXTargetDependency */,
			);
			name = AttendenceAppTests;
			productName = AttendenceAppTests;
			productReference = 6177CCDB208E702200ACDC01 /* AttendenceAppTests.xctest */;
			productType = "com.apple.product-type.bundle.unit-test";
		};
		6177CCE5208E702200ACDC01 /* AttendenceAppUITests */ = {
			isa = PBXNativeTarget;
			buildConfigurationList = 6177CCF5208E702200ACDC01 /* Build configuration list for PBXNativeTarget "AttendenceAppUITests" */;
			buildPhases = (
				6177CCE2208E702200ACDC01 /* Sources */,
				6177CCE3208E702200ACDC01 /* Frameworks */,
				6177CCE4208E702200ACDC01 /* Resources */,
			);
			buildRules = (
			);
			dependencies = (
				6177CCE8208E702200ACDC01 /* PBXTargetDependency */,
			);
			name = AttendenceAppUITests;
			productName = AttendenceAppUITests;
			productReference = 6177CCE6208E702200ACDC01 /* AttendenceAppUITests.xctest */;
			productType = "com.apple.product-type.bundle.ui-testing";
		};
/* End PBXNativeTarget section */

/* Begin PBXProject section */
		6177CCBF208E701F00ACDC01 /* Project object */ = {
			isa = PBXProject;
			attributes = {
				LastSwiftUpdateCheck = 0930;
				LastUpgradeCheck = 0930;
				ORGANIZATIONNAME = "Ian Hatlewick";
				TargetAttributes = {
					6177CCC6208E701F00ACDC01 = {
						CreatedOnToolsVersion = 9.3;
					};
					6177CCDA208E702200ACDC01 = {
						CreatedOnToolsVersion = 9.3;
						TestTargetID = 6177CCC6208E701F00ACDC01;
					};
					6177CCE5208E702200ACDC01 = {
						CreatedOnToolsVersion = 9.3;
						TestTargetID = 6177CCC6208E701F00ACDC01;
					};
				};
			};
			buildConfigurationList = 6177CCC2208E701F00ACDC01 /* Build configuration list for PBXProject "AttendenceApp" */;
			compatibilityVersion = "Xcode 9.3";
			developmentRegion = en;
			hasScannedForEncodings = 0;
			knownRegions = (
				en,
				Base,
			);
			mainGroup = 6177CCBE208E701F00ACDC01;
			productRefGroup = 6177CCC8208E702000ACDC01 /* Products */;
			projectDirPath = "";
			projectRoot = "";
			targets = (
				6177CCC6208E701F00ACDC01 /* AttendenceApp */,
				6177CCDA208E702200ACDC01 /* AttendenceAppTests */,
				6177CCE5208E702200ACDC01 /* AttendenceAppUITests */,
			);
		};
/* End PBXProject section */

/* Begin PBXResourcesBuildPhase section */
		6177CCC5208E701F00ACDC01 /* Resources */ = {
			isa = PBXResourcesBuildPhase;
			buildActionMask = 2147483647;
			files = (
				6177CCD5208E702200ACDC01 /* LaunchScreen.storyboard in Resources */,
				6177CCD2208E702200ACDC01 /* Assets.xcassets in Resources */,
				6177CCD0208E702000ACDC01 /* Main.storyboard in Resources */,
			);
			runOnlyForDeploymentPostprocessing = 0;
		};
		6177CCD9208E702200ACDC01 /* Resources */ = {
			isa = PBXResourcesBuildPhase;
			buildActionMask = 2147483647;
			files = (
			);
			runOnlyForDeploymentPostprocessing = 0;
		};
		6177CCE4208E702200ACDC01 /* Resources */ = {
			isa = PBXResourcesBuildPhase;
			buildActionMask = 2147483647;
			files = (
			);
			runOnlyForDeploymentPostprocessing = 0;
		};
/* End PBXResourcesBuildPhase section */

/* Begin PBXSourcesBuildPhase section */
		6177CCC3208E701F00ACDC01 /* Sources */ = {
			isa = PBXSourcesBuildPhase;
			buildActionMask = 2147483647;
			files = (
				6177CCCD208E702000ACDC01 /* ViewController.swift in Sources */,
				6177CCCB208E702000ACDC01 /* AppDelegate.swift in Sources */,
			);
			runOnlyForDeploymentPostprocessing = 0;
		};
		6177CCD7208E702200ACDC01 /* Sources */ = {
			isa = PBXSourcesBuildPhase;
			buildActionMask = 2147483647;
			files = (
				6177CCE0208E702200ACDC01 /* AttendenceAppTests.swift in Sources */,
			);
			runOnlyForDeploymentPostprocessing = 0;
		};
		6177CCE2208E702200ACDC01 /* Sources */ = {
			isa = PBXSourcesBuildPhase;
			buildActionMask = 2147483647;
			files = (
				6177CCEB208E702200ACDC01 /* AttendenceAppUITests.swift in Sources */,
			);
			runOnlyForDeploymentPostprocessing = 0;
		};
/* End PBXSourcesBuildPhase section */

/* Begin PBXTargetDependency section */
		6177CCDD208E702200ACDC01 /* PBXTargetDependency */ = {
			isa = PBXTargetDependency;
			target = 6177CCC6208E701F00ACDC01 /* AttendenceApp */;
			targetProxy = 6177CCDC208E702200ACDC01 /* PBXContainerItemProxy */;
		};
		6177CCE8208E702200ACDC01 /* PBXTargetDependency */ = {
			isa = PBXTargetDependency;
			target = 6177CCC6208E701F00ACDC01 /* AttendenceApp */;
			targetProxy = 6177CCE7208E702200ACDC01 /* PBXContainerItemProxy */;
		};
/* End PBXTargetDependency section */

/* Begin PBXVariantGroup section */
		6177CCCE208E702000ACDC01 /* Main.storyboard */ = {
			isa = PBXVariantGroup;
			children = (
				6177CCCF208E702000ACDC01 /* Base */,
			);
			name = Main.storyboard;
			sourceTree = "<group>";
		};
		6177CCD3208E702200ACDC01 /* LaunchScreen.storyboard */ = {
			isa = PBXVariantGroup;
			children = (
				6177CCD4208E702200ACDC01 /* Base */,
			);
			name = LaunchScreen.storyboard;
			sourceTree = "<group>";
		};
/* End PBXVariantGroup section */

/* Begin XCBuildConfiguration section */
		6177CCED208E702200ACDC01 /* Debug */ = {
			isa = XCBuildConfiguration;
			buildSettings = {
				ALWAYS_SEARCH_USER_PATHS = NO;
				CLANG_ANALYZER_NONNULL = YES;
				CLANG_ANALYZER_NUMBER_OBJECT_CONVERSION = YES_AGGRESSIVE;
				CLANG_CXX_LANGUAGE_STANDARD = "gnu++14";
				CLANG_CXX_LIBRARY = "libc++";
				CLANG_ENABLE_MODULES = YES;
				CLANG_ENABLE_OBJC_ARC = YES;
				CLANG_ENABLE_OBJC_WEAK = YES;
				CLANG_WARN_BLOCK_CAPTURE_AUTORELEASING = YES;
				CLANG_WARN_BOOL_CONVERSION = YES;
				CLANG_WARN_COMMA = YES;
				CLANG_WARN_CONSTANT_CONVERSION = YES;
				CLANG_WARN_DEPRECATED_OBJC_IMPLEMENTATIONS = YES;
				CLANG_WARN_DIRECT_OBJC_ISA_USAGE = YES_ERROR;
				CLANG_WARN_DOCUMENTATION_COMMENTS = YES;
				CLANG_WARN_EMPTY_BODY = YES;
				CLANG_WARN_ENUM_CONVERSION = YES;
				CLANG_WARN_INFINITE_RECURSION = YES;
				CLANG_WARN_INT_CONVERSION = YES;
				CLANG_WARN_NON_LITERAL_NULL_CONVERSION = YES;
				CLANG_WARN_OBJC_IMPLICIT_RETAIN_SELF = YES;
				CLANG_WARN_OBJC_LITERAL_CONVERSION = YES;
				CLANG_WARN_OBJC_ROOT_CLASS = YES_ERROR;
				CLANG_WARN_RANGE_LOOP_ANALYSIS = YES;
				CLANG_WARN_STRICT_PROTOTYPES = YES;
				CLANG_WARN_SUSPICIOUS_MOVE = YES;
				CLANG_WARN_UNGUARDED_AVAILABILITY = YES_AGGRESSIVE;
				CLANG_WARN_UNREACHABLE_CODE = YES;
				CLANG_WARN__DUPLICATE_METHOD_MATCH = YES;
				CODE_SIGN_IDENTITY = "iPhone Developer";
				COPY_PHASE_STRIP = NO;
				DEBUG_INFORMATION_FORMAT = dwarf;
				ENABLE_STRICT_OBJC_MSGSEND = YES;
				ENABLE_TESTABILITY = YES;
				GCC_C_LANGUAGE_STANDARD = gnu11;
				GCC_DYNAMIC_NO_PIC = NO;
				GCC_NO_COMMON_BLOCKS = YES;
				GCC_OPTIMIZATION_LEVEL = 0;
				GCC_PREPROCESSOR_DEFINITIONS = (
					"DEBUG=1",
					"$(inherited)",
				);
				GCC_WARN_64_TO_32_BIT_CONVERSION = YES;
				GCC_WARN_ABOUT_RETURN_TYPE = YES_ERROR;
				GCC_WARN_UNDECLARED_SELECTOR = YES;
				GCC_WARN_UNINITIALIZED_AUTOS = YES_AGGRESSIVE;
				GCC_WARN_UNUSED_FUNCTION = YES;
				GCC_WARN_UNUSED_VARIABLE = YES;
				IPHONEOS_DEPLOYMENT_TARGET = 11.3;
				MTL_ENABLE_DEBUG_INFO = YES;
				ONLY_ACTIVE_ARCH = YES;
				SDKROOT = iphoneos;
				SWIFT_ACTIVE_COMPILATION_CONDITIONS = DEBUG;
				SWIFT_OPTIMIZATION_LEVEL = "-Onone";
			};
			name = Debug;
		};
		6177CCEE208E702200ACDC01 /* Release */ = {
			isa = XCBuildConfiguration;
			buildSettings = {
				ALWAYS_SEARCH_USER_PATHS = NO;
				CLANG_ANALYZER_NONNULL = YES;
				CLANG_ANALYZER_NUMBER_OBJECT_CONVERSION = YES_AGGRESSIVE;
				CLANG_CXX_LANGUAGE_STANDARD = "gnu++14";
				CLANG_CXX_LIBRARY = "libc++";
				CLANG_ENABLE_MODULES = YES;
				CLANG_ENABLE_OBJC_ARC = YES;
				CLANG_ENABLE_OBJC_WEAK = YES;
				CLANG_WARN_BLOCK_CAPTURE_AUTORELEASING = YES;
				CLANG_WARN_BOOL_CONVERSION = YES;
				CLANG_WARN_COMMA = YES;
				CLANG_WARN_CONSTANT_CONVERSION = YES;
				CLANG_WARN_DEPRECATED_OBJC_IMPLEMENTATIONS = YES;
				CLANG_WARN_DIRECT_OBJC_ISA_USAGE = YES_ERROR;
				CLANG_WARN_DOCUMENTATION_COMMENTS = YES;
				CLANG_WARN_EMPTY_BODY = YES;
				CLANG_WARN_ENUM_CONVERSION = YES;
				CLANG_WARN_INFINITE_RECURSION = YES;
				CLANG_WARN_INT_CONVERSION = YES;
				CLANG_WARN_NON_LITERAL_NULL_CONVERSION = YES;
				CLANG_WARN_OBJC_IMPLICIT_RETAIN_SELF = YES;
				CLANG_WARN_OBJC_LITERAL_CONVERSION = YES;
				CLANG_WARN_OBJC_ROOT_CLASS = YES_ERROR;
				CLANG_WARN_RANGE_LOOP_ANALYSIS = YES;
				CLANG_WARN_STRICT_PROTOTYPES = YES;
				CLANG_WARN_SUSPICIOUS_MOVE = YES;
				CLANG_WARN_UNGUARDED_AVAILABILITY = YES_AGGRESSIVE;
				CLANG_WARN_UNREACHABLE_CODE = YES;
				CLANG_WARN__DUPLICATE_METHOD_MATCH = YES;
				CODE_SIGN_IDENTITY = "iPhone Developer";
				COPY_PHASE_STRIP = NO;
				DEBUG_INFORMATION_FORMAT = "dwarf-with-dsym";
				ENABLE_NS_ASSERTIONS = NO;
				ENABLE_STRICT_OBJC_MSGSEND = YES;
				GCC_C_LANGUAGE_STANDARD = gnu11;
				GCC_NO_COMMON_BLOCKS = YES;
				GCC_WARN_64_TO_32_BIT_CONVERSION = YES;
				GCC_WARN_ABOUT_RETURN_TYPE = YES_ERROR;
				GCC_WARN_UNDECLARED_SELECTOR = YES;
				GCC_WARN_UNINITIALIZED_AUTOS = YES_AGGRESSIVE;
				GCC_WARN_UNUSED_FUNCTION = YES;
				GCC_WARN_UNUSED_VARIABLE = YES;
				IPHONEOS_DEPLOYMENT_TARGET = 11.3;
				MTL_ENABLE_DEBUG_INFO = NO;
				SDKROOT = iphoneos;
				SWIFT_COMPILATION_MODE = wholemodule;
				SWIFT_OPTIMIZATION_LEVEL = "-O";
				VALIDATE_PRODUCT = YES;
			};
			name = Release;
		};
		6177CCF0208E702200ACDC01 /* Debug */ = {
			isa = XCBuildConfiguration;
			buildSettings = {
				ASSETCATALOG_COMPILER_APPICON_NAME = AppIcon;
				CODE_SIGN_STYLE = Automatic;
				DEVELOPMENT_TEAM = TDDN2V7ZMH;
				INFOPLIST_FILE = AttendenceApp/Info.plist;
				LD_RUNPATH_SEARCH_PATHS = (
					"$(inherited)",
					"@executable_path/Frameworks",
				);
				PRODUCT_BUNDLE_IDENTIFIER = AnkenyCentennial.AttendenceApp;
				PRODUCT_NAME = "$(TARGET_NAME)";
				SWIFT_VERSION = 4.0;
				TARGETED_DEVICE_FAMILY = "1,2";
			};
			name = Debug;
		};
		6177CCF1208E702200ACDC01 /* Release */ = {
			isa = XCBuildConfiguration;
			buildSettings = {
				ASSETCATALOG_COMPILER_APPICON_NAME = AppIcon;
				CODE_SIGN_STYLE = Automatic;
				DEVELOPMENT_TEAM = TDDN2V7ZMH;
				INFOPLIST_FILE = AttendenceApp/Info.plist;
				LD_RUNPATH_SEARCH_PATHS = (
					"$(inherited)",
					"@executable_path/Frameworks",
				);
				PRODUCT_BUNDLE_IDENTIFIER = AnkenyCentennial.AttendenceApp;
				PRODUCT_NAME = "$(TARGET_NAME)";
				SWIFT_VERSION = 4.0;
				TARGETED_DEVICE_FAMILY = "1,2";
			};
			name = Release;
		};
		6177CCF3208E702200ACDC01 /* Debug */ = {
			isa = XCBuildConfiguration;
			buildSettings = {
				ALWAYS_EMBED_SWIFT_STANDARD_LIBRARIES = YES;
				BUNDLE_LOADER = "$(TEST_HOST)";
				CODE_SIGN_STYLE = Automatic;
				DEVELOPMENT_TEAM = TDDN2V7ZMH;
				INFOPLIST_FILE = AttendenceAppTests/Info.plist;
				LD_RUNPATH_SEARCH_PATHS = (
					"$(inherited)",
					"@executable_path/Frameworks",
					"@loader_path/Frameworks",
				);
				PRODUCT_BUNDLE_IDENTIFIER = AnkenyCentennial.AttendenceAppTests;
				PRODUCT_NAME = "$(TARGET_NAME)";
				SWIFT_VERSION = 4.0;
				TARGETED_DEVICE_FAMILY = "1,2";
				TEST_HOST = "$(BUILT_PRODUCTS_DIR)/AttendenceApp.app/AttendenceApp";
			};
			name = Debug;
		};
		6177CCF4208E702200ACDC01 /* Release */ = {
			isa = XCBuildConfiguration;
			buildSettings = {
				ALWAYS_EMBED_SWIFT_STANDARD_LIBRARIES = YES;
				BUNDLE_LOADER = "$(TEST_HOST)";
				CODE_SIGN_STYLE = Automatic;
				DEVELOPMENT_TEAM = TDDN2V7ZMH;
				INFOPLIST_FILE = AttendenceAppTests/Info.plist;
				LD_RUNPATH_SEARCH_PATHS = (
					"$(inherited)",
					"@executable_path/Frameworks",
					"@loader_path/Frameworks",
				);
				PRODUCT_BUNDLE_IDENTIFIER = AnkenyCentennial.AttendenceAppTests;
				PRODUCT_NAME = "$(TARGET_NAME)";
				SWIFT_VERSION = 4.0;
				TARGETED_DEVICE_FAMILY = "1,2";
				TEST_HOST = "$(BUILT_PRODUCTS_DIR)/AttendenceApp.app/AttendenceApp";
			};
			name = Release;
		};
		6177CCF6208E702200ACDC01 /* Debug */ = {
			isa = XCBuildConfiguration;
			buildSettings = {
				ALWAYS_EMBED_SWIFT_STANDARD_LIBRARIES = YES;
				CODE_SIGN_STYLE = Automatic;
				DEVELOPMENT_TEAM = TDDN2V7ZMH;
				INFOPLIST_FILE = AttendenceAppUITests/Info.plist;
				LD_RUNPATH_SEARCH_PATHS = (
					"$(inherited)",
					"@executable_path/Frameworks",
					"@loader_path/Frameworks",
				);
				PRODUCT_BUNDLE_IDENTIFIER = AnkenyCentennial.AttendenceAppUITests;
				PRODUCT_NAME = "$(TARGET_NAME)";
				SWIFT_VERSION = 4.0;
				TARGETED_DEVICE_FAMILY = "1,2";
				TEST_TARGET_NAME = AttendenceApp;
			};
			name = Debug;
		};
		6177CCF7208E702200ACDC01 /* Release */ = {
			isa = XCBuildConfiguration;
			buildSettings = {
				ALWAYS_EMBED_SWIFT_STANDARD_LIBRARIES = YES;
				CODE_SIGN_STYLE = Automatic;
				DEVELOPMENT_TEAM = TDDN2V7ZMH;
				INFOPLIST_FILE = AttendenceAppUITests/Info.plist;
				LD_RUNPATH_SEARCH_PATHS = (
					"$(inherited)",
					"@executable_path/Frameworks",
					"@loader_path/Frameworks",
				);
				PRODUCT_BUNDLE_IDENTIFIER = AnkenyCentennial.AttendenceAppUITests;
				PRODUCT_NAME = "$(TARGET_NAME)";
				SWIFT_VERSION = 4.0;
				TARGETED_DEVICE_FAMILY = "1,2";
				TEST_TARGET_NAME = AttendenceApp;
			};
			name = Release;
		};
/* End XCBuildConfiguration section */

/* Begin XCConfigurationList section */
		6177CCC2208E701F00ACDC01 /* Build configuration list for PBXProject "AttendenceApp" */ = {
			isa = XCConfigurationList;
			buildConfigurations = (
				6177CCED208E702200ACDC01 /* Debug */,
				6177CCEE208E702200ACDC01 /* Release */,
			);
			defaultConfigurationIsVisible = 0;
			defaultConfigurationName = Release;
		};
		6177CCEF208E702200ACDC01 /* Build configuration list for PBXNativeTarget "AttendenceApp" */ = {
			isa = XCConfigurationList;
			buildConfigurations = (
				6177CCF0208E702200ACDC01 /* Debug */,
				6177CCF1208E702200ACDC01 /* Release */,
			);
			defaultConfigurationIsVisible = 0;
			defaultConfigurationName = Release;
		};
		6177CCF2208E702200ACDC01 /* Build configuration list for PBXNativeTarget "AttendenceAppTests" */ = {
			isa = XCConfigurationList;
			buildConfigurations = (
				6177CCF3208E702200ACDC01 /* Debug */,
				6177CCF4208E702200ACDC01 /* Release */,
			);
			defaultConfigurationIsVisible = 0;
			defaultConfigurationName = Release;
		};
		6177CCF5208E702200ACDC01 /* Build configuration list for PBXNativeTarget "AttendenceAppUITests" */ = {
			isa = XCConfigurationList;
			buildConfigurations = (
				6177CCF6208E702200ACDC01 /* Debug */,
				6177CCF7208E702200ACDC01 /* Release */,
			);
			defaultConfigurationIsVisible = 0;
			defaultConfigurationName = Release;
		};
/* End XCConfigurationList section */
	};
	rootObject = 6177CCBF208E701F00ACDC01 /* Project object */;
}
